
Microsoft Visual Studio Solution File, Format Version 12.00
# Visual Studio Version 16
VisualStudioVersion = 16.0.35826.135
MinimumVisualStudioVersion = 10.0.40219.1
Project("{FAE04EC0-301F-11D3-BF4B-00C04F79EFBC}") = "TaxiRank", "TaxiRank\TaxiRank.csproj", "{B0A4FC0C-1629-4787-A440-23F37F081EC9}"
EndProject
Global
	GlobalSection(SolutionConfigurationPlatforms) = preSolution
		Debug|Any CPU = Debug|Any CPU
		Release|Any CPU = Release|Any CPU
	EndGlobalSection
	GlobalSection(ProjectConfigurationPlatforms) = postSolution
		{B0A4FC0C-1629-4787-A440-23F37F081EC9}.Debug|Any CPU.ActiveCfg = Debug|Any CPU
		{B0A4FC0C-1629-4787-A440-23F37F081EC9}.Debug|Any CPU.Build.0 = Debug|Any CPU
		{B0A4FC0C-1629-4787-A440-23F37F081EC9}.Release|Any CPU.ActiveCfg = Release|Any CPU
		{B0A4FC0C-1629-4787-A440-23F37F081EC9}.Release|Any CPU.Build.0 = Release|Any CPU
	EndGlobalSection
	GlobalSection(SolutionProperties) = preSolution
		HideSolutionNode = FALSE
	EndGlobalSection
	GlobalSection(ExtensibilityGlobals) = postSolution
		SolutionGuid = {67B34BAE-003B-41FD-A936-517C19D0AFA1}
	EndGlobalSection
EndGlobal
